
Microsoft Visual Studio Solution File, Format Version 12.00
# Visual Studio Version 16
VisualStudioVersion = 16.0.30309.148
MinimumVisualStudioVersion = 10.0.40219.1
Project("{FAE04EC0-301F-11D3-BF4B-00C04F79EFBC}") = "EmailTemplateWithRazorViewEngine", "EmailTemplateWithRazorViewEngine\EmailTemplateWithRazorViewEngine.csproj", "{987538F7-B09B-423D-889C-71BD4A608CA8}"
EndProject
Global
	GlobalSection(SolutionConfigurationPlatforms) = preSolution
		Debug|Any CPU = Debug|Any CPU
		Release|Any CPU = Release|Any CPU
	EndGlobalSection
	GlobalSection(ProjectConfigurationPlatforms) = postSolution
		{987538F7-B09B-423D-889C-71BD4A608CA8}.Debug|Any CPU.ActiveCfg = Debug|Any CPU
		{987538F7-B09B-423D-889C-71BD4A608CA8}.Debug|Any CPU.Build.0 = Debug|Any CPU
		{987538F7-B09B-423D-889C-71BD4A608CA8}.Release|Any CPU.ActiveCfg = Release|Any CPU
		{987538F7-B09B-423D-889C-71BD4A608CA8}.Release|Any CPU.Build.0 = Release|Any CPU
	EndGlobalSection
	GlobalSection(SolutionProperties) = preSolution
		HideSolutionNode = FALSE
	EndGlobalSection
	GlobalSection(ExtensibilityGlobals) = postSolution
		SolutionGuid = {1D15D9CA-51E6-4589-9EF2-A7D5B26C9C7E}
	EndGlobalSection
EndGlobal
